
Microsoft Visual Studio Solution File, Format Version 11.00
# Visual Studio 2010
Project("{FAE04EC0-301F-11D3-BF4B-00C04F79EFBC}") = "BigNum", "BigNum\BigNum.csproj", "{4721E70E-4604-4B4E-BFD9-A1121BF1598C}"
EndProject
Project("{FAE04EC0-301F-11D3-BF4B-00C04F79EFBC}") = "BigInt", "BigInt\BigInt.csproj", "{E44E6220-442F-43ED-BB0E-711571C3CAB4}"
EndProject
Global
	GlobalSection(SolutionConfigurationPlatforms) = preSolution
		Debug|x86 = Debug|x86
		Release|x86 = Release|x86
	EndGlobalSection
	GlobalSection(ProjectConfigurationPlatforms) = postSolution
		{4721E70E-4604-4B4E-BFD9-A1121BF1598C}.Debug|x86.ActiveCfg = Debug|x86
		{4721E70E-4604-4B4E-BFD9-A1121BF1598C}.Debug|x86.Build.0 = Debug|x86
		{4721E70E-4604-4B4E-BFD9-A1121BF1598C}.Release|x86.ActiveCfg = Release|x86
		{4721E70E-4604-4B4E-BFD9-A1121BF1598C}.Release|x86.Build.0 = Release|x86
		{E44E6220-442F-43ED-BB0E-711571C3CAB4}.Debug|x86.ActiveCfg = Debug|x86
		{E44E6220-442F-43ED-BB0E-711571C3CAB4}.Debug|x86.Build.0 = Debug|x86
		{E44E6220-442F-43ED-BB0E-711571C3CAB4}.Release|x86.ActiveCfg = Release|x86
		{E44E6220-442F-43ED-BB0E-711571C3CAB4}.Release|x86.Build.0 = Release|x86
	EndGlobalSection
	GlobalSection(SolutionProperties) = preSolution
		HideSolutionNode = FALSE
	EndGlobalSection
EndGlobal
