
Microsoft Visual Studio Solution File, Format Version 12.00
# Visual Studio 2012
Project("{FAE04EC0-301F-11D3-BF4B-00C04F79EFBC}") = "Client", "Client\Client.csproj", "{B88A70B5-9DA2-44DF-B9DD-757812E6C210}"
EndProject
Project("{FAE04EC0-301F-11D3-BF4B-00C04F79EFBC}") = "TCPserver", "TCPserver\TCPserver.csproj", "{9FB5BD9B-AE79-4908-A5F8-61D1CC01C45B}"
EndProject
Global
	GlobalSection(SolutionConfigurationPlatforms) = preSolution
		Debug|Any CPU = Debug|Any CPU
		Release|Any CPU = Release|Any CPU
	EndGlobalSection
	GlobalSection(ProjectConfigurationPlatforms) = postSolution
		{B88A70B5-9DA2-44DF-B9DD-757812E6C210}.Debug|Any CPU.ActiveCfg = Debug|Any CPU
		{B88A70B5-9DA2-44DF-B9DD-757812E6C210}.Debug|Any CPU.Build.0 = Debug|Any CPU
		{B88A70B5-9DA2-44DF-B9DD-757812E6C210}.Release|Any CPU.ActiveCfg = Release|Any CPU
		{B88A70B5-9DA2-44DF-B9DD-757812E6C210}.Release|Any CPU.Build.0 = Release|Any CPU
		{9FB5BD9B-AE79-4908-A5F8-61D1CC01C45B}.Debug|Any CPU.ActiveCfg = Debug|Any CPU
		{9FB5BD9B-AE79-4908-A5F8-61D1CC01C45B}.Debug|Any CPU.Build.0 = Debug|Any CPU
		{9FB5BD9B-AE79-4908-A5F8-61D1CC01C45B}.Release|Any CPU.ActiveCfg = Release|Any CPU
		{9FB5BD9B-AE79-4908-A5F8-61D1CC01C45B}.Release|Any CPU.Build.0 = Release|Any CPU
	EndGlobalSection
	GlobalSection(SolutionProperties) = preSolution
		HideSolutionNode = FALSE
	EndGlobalSection
EndGlobal
