
Microsoft Visual Studio Solution File, Format Version 11.00
# Visual Studio 2010
Project("{FAE04EC0-301F-11D3-BF4B-00C04F79EFBC}") = "实验 数据库开发(一)", "实验 数据库开发(一)\实验 数据库开发(一).csproj", "{05A41B7A-A9A0-4B8C-A8AA-B6BCCD2AA456}"
EndProject
Project("{FAE04EC0-301F-11D3-BF4B-00C04F79EFBC}") = "05 AppConfig", "05 AppConfig\05 AppConfig.csproj", "{938280C9-DA54-424A-8406-8C24E51ED61A}"
EndProject
Project("{FAE04EC0-301F-11D3-BF4B-00C04F79EFBC}") = "04 DataSet", "04 DataSet\04 DataSet.csproj", "{1EE8C06F-7947-4839-A42A-C2601AD35A6F}"
EndProject
Project("{FAE04EC0-301F-11D3-BF4B-00C04F79EFBC}") = "01 StatStudent", "01 StatStudent\01 StatStudent.csproj", "{8C78BC88-B94F-49D4-B562-074912309841}"
EndProject
Project("{FAE04EC0-301F-11D3-BF4B-00C04F79EFBC}") = "02 AddStudent", "02 AddStudent\02 AddStudent.csproj", "{E0F1E923-D4C3-43D7-8CC0-73F519EAB1BF}"
EndProject
Project("{FAE04EC0-301F-11D3-BF4B-00C04F79EFBC}") = "03 SelectStudent", "03 SelectStudent\03 SelectStudent.csproj", "{DEE87B8A-49D3-429B-8E17-70D84CB38CBE}"
EndProject
Project("{FAE04EC0-301F-11D3-BF4B-00C04F79EFBC}") = "04 DataGridView", "04 DataGridView\04 DataGridView.csproj", "{06F15A63-9EEC-4249-B7DC-F5F471BB0616}"
EndProject
Project("{FAE04EC0-301F-11D3-BF4B-00C04F79EFBC}") = "实验 数据库开发(二)", "实验 数据库开发(二)\实验 数据库开发(二).csproj", "{E9E88955-C1CC-4307-874F-4E239819D54D}"
EndProject
Project("{FAE04EC0-301F-11D3-BF4B-00C04F79EFBC}") = "06 DataBaseHelper", "06 DataBaseHelper\06 DataBaseHelper.csproj", "{7C1AB472-CE68-49F0-B61B-4766F0DC511B}"
EndProject
Global
	GlobalSection(SolutionConfigurationPlatforms) = preSolution
		Debug|Any CPU = Debug|Any CPU
		Debug|Mixed Platforms = Debug|Mixed Platforms
		Debug|x86 = Debug|x86
		Release|Any CPU = Release|Any CPU
		Release|Mixed Platforms = Release|Mixed Platforms
		Release|x86 = Release|x86
	EndGlobalSection
	GlobalSection(ProjectConfigurationPlatforms) = postSolution
		{05A41B7A-A9A0-4B8C-A8AA-B6BCCD2AA456}.Debug|Any CPU.ActiveCfg = Debug|x86
		{05A41B7A-A9A0-4B8C-A8AA-B6BCCD2AA456}.Debug|Mixed Platforms.ActiveCfg = Debug|x86
		{05A41B7A-A9A0-4B8C-A8AA-B6BCCD2AA456}.Debug|Mixed Platforms.Build.0 = Debug|x86
		{05A41B7A-A9A0-4B8C-A8AA-B6BCCD2AA456}.Debug|x86.ActiveCfg = Debug|x86
		{05A41B7A-A9A0-4B8C-A8AA-B6BCCD2AA456}.Debug|x86.Build.0 = Debug|x86
		{05A41B7A-A9A0-4B8C-A8AA-B6BCCD2AA456}.Release|Any CPU.ActiveCfg = Release|x86
		{05A41B7A-A9A0-4B8C-A8AA-B6BCCD2AA456}.Release|Mixed Platforms.ActiveCfg = Release|x86
		{05A41B7A-A9A0-4B8C-A8AA-B6BCCD2AA456}.Release|Mixed Platforms.Build.0 = Release|x86
		{05A41B7A-A9A0-4B8C-A8AA-B6BCCD2AA456}.Release|x86.ActiveCfg = Release|x86
		{05A41B7A-A9A0-4B8C-A8AA-B6BCCD2AA456}.Release|x86.Build.0 = Release|x86
		{938280C9-DA54-424A-8406-8C24E51ED61A}.Debug|Any CPU.ActiveCfg = Debug|x86
		{938280C9-DA54-424A-8406-8C24E51ED61A}.Debug|Mixed Platforms.ActiveCfg = Debug|x86
		{938280C9-DA54-424A-8406-8C24E51ED61A}.Debug|Mixed Platforms.Build.0 = Debug|x86
		{938280C9-DA54-424A-8406-8C24E51ED61A}.Debug|x86.ActiveCfg = Debug|x86
		{938280C9-DA54-424A-8406-8C24E51ED61A}.Debug|x86.Build.0 = Debug|x86
		{938280C9-DA54-424A-8406-8C24E51ED61A}.Release|Any CPU.ActiveCfg = Release|x86
		{938280C9-DA54-424A-8406-8C24E51ED61A}.Release|Mixed Platforms.ActiveCfg = Release|x86
		{938280C9-DA54-424A-8406-8C24E51ED61A}.Release|Mixed Platforms.Build.0 = Release|x86
		{938280C9-DA54-424A-8406-8C24E51ED61A}.Release|x86.ActiveCfg = Release|x86
		{938280C9-DA54-424A-8406-8C24E51ED61A}.Release|x86.Build.0 = Release|x86
		{1EE8C06F-7947-4839-A42A-C2601AD35A6F}.Debug|Any CPU.ActiveCfg = Debug|x86
		{1EE8C06F-7947-4839-A42A-C2601AD35A6F}.Debug|Mixed Platforms.ActiveCfg = Debug|x86
		{1EE8C06F-7947-4839-A42A-C2601AD35A6F}.Debug|Mixed Platforms.Build.0 = Debug|x86
		{1EE8C06F-7947-4839-A42A-C2601AD35A6F}.Debug|x86.ActiveCfg = Debug|x86
		{1EE8C06F-7947-4839-A42A-C2601AD35A6F}.Debug|x86.Build.0 = Debug|x86
		{1EE8C06F-7947-4839-A42A-C2601AD35A6F}.Release|Any CPU.ActiveCfg = Release|x86
		{1EE8C06F-7947-4839-A42A-C2601AD35A6F}.Release|Mixed Platforms.ActiveCfg = Release|x86
		{1EE8C06F-7947-4839-A42A-C2601AD35A6F}.Release|Mixed Platforms.Build.0 = Release|x86
		{1EE8C06F-7947-4839-A42A-C2601AD35A6F}.Release|x86.ActiveCfg = Release|x86
		{1EE8C06F-7947-4839-A42A-C2601AD35A6F}.Release|x86.Build.0 = Release|x86
		{8C78BC88-B94F-49D4-B562-074912309841}.Debug|Any CPU.ActiveCfg = Debug|x86
		{8C78BC88-B94F-49D4-B562-074912309841}.Debug|Mixed Platforms.ActiveCfg = Debug|x86
		{8C78BC88-B94F-49D4-B562-074912309841}.Debug|Mixed Platforms.Build.0 = Debug|x86
		{8C78BC88-B94F-49D4-B562-074912309841}.Debug|x86.ActiveCfg = Debug|x86
		{8C78BC88-B94F-49D4-B562-074912309841}.Debug|x86.Build.0 = Debug|x86
		{8C78BC88-B94F-49D4-B562-074912309841}.Release|Any CPU.ActiveCfg = Release|x86
		{8C78BC88-B94F-49D4-B562-074912309841}.Release|Mixed Platforms.ActiveCfg = Release|x86
		{8C78BC88-B94F-49D4-B562-074912309841}.Release|Mixed Platforms.Build.0 = Release|x86
		{8C78BC88-B94F-49D4-B562-074912309841}.Release|x86.ActiveCfg = Release|x86
		{8C78BC88-B94F-49D4-B562-074912309841}.Release|x86.Build.0 = Release|x86
		{E0F1E923-D4C3-43D7-8CC0-73F519EAB1BF}.Debug|Any CPU.ActiveCfg = Debug|x86
		{E0F1E923-D4C3-43D7-8CC0-73F519EAB1BF}.Debug|Mixed Platforms.ActiveCfg = Debug|x86
		{E0F1E923-D4C3-43D7-8CC0-73F519EAB1BF}.Debug|Mixed Platforms.Build.0 = Debug|x86
		{E0F1E923-D4C3-43D7-8CC0-73F519EAB1BF}.Debug|x86.ActiveCfg = Debug|x86
		{E0F1E923-D4C3-43D7-8CC0-73F519EAB1BF}.Debug|x86.Build.0 = Debug|x86
		{E0F1E923-D4C3-43D7-8CC0-73F519EAB1BF}.Release|Any CPU.ActiveCfg = Release|x86
		{E0F1E923-D4C3-43D7-8CC0-73F519EAB1BF}.Release|Mixed Platforms.ActiveCfg = Release|x86
		{E0F1E923-D4C3-43D7-8CC0-73F519EAB1BF}.Release|Mixed Platforms.Build.0 = Release|x86
		{E0F1E923-D4C3-43D7-8CC0-73F519EAB1BF}.Release|x86.ActiveCfg = Release|x86
		{E0F1E923-D4C3-43D7-8CC0-73F519EAB1BF}.Release|x86.Build.0 = Release|x86
		{DEE87B8A-49D3-429B-8E17-70D84CB38CBE}.Debug|Any CPU.ActiveCfg = Debug|x86
		{DEE87B8A-49D3-429B-8E17-70D84CB38CBE}.Debug|Mixed Platforms.ActiveCfg = Debug|x86
		{DEE87B8A-49D3-429B-8E17-70D84CB38CBE}.Debug|Mixed Platforms.Build.0 = Debug|x86
		{DEE87B8A-49D3-429B-8E17-70D84CB38CBE}.Debug|x86.ActiveCfg = Debug|x86
		{DEE87B8A-49D3-429B-8E17-70D84CB38CBE}.Debug|x86.Build.0 = Debug|x86
		{DEE87B8A-49D3-429B-8E17-70D84CB38CBE}.Release|Any CPU.ActiveCfg = Release|x86
		{DEE87B8A-49D3-429B-8E17-70D84CB38CBE}.Release|Mixed Platforms.ActiveCfg = Release|x86
		{DEE87B8A-49D3-429B-8E17-70D84CB38CBE}.Release|Mixed Platforms.Build.0 = Release|x86
		{DEE87B8A-49D3-429B-8E17-70D84CB38CBE}.Release|x86.ActiveCfg = Release|x86
		{DEE87B8A-49D3-429B-8E17-70D84CB38CBE}.Release|x86.Build.0 = Release|x86
		{06F15A63-9EEC-4249-B7DC-F5F471BB0616}.Debug|Any CPU.ActiveCfg = Debug|x86
		{06F15A63-9EEC-4249-B7DC-F5F471BB0616}.Debug|Mixed Platforms.ActiveCfg = Debug|x86
		{06F15A63-9EEC-4249-B7DC-F5F471BB0616}.Debug|Mixed Platforms.Build.0 = Debug|x86
		{06F15A63-9EEC-4249-B7DC-F5F471BB0616}.Debug|x86.ActiveCfg = Debug|x86
		{06F15A63-9EEC-4249-B7DC-F5F471BB0616}.Debug|x86.Build.0 = Debug|x86
		{06F15A63-9EEC-4249-B7DC-F5F471BB0616}.Release|Any CPU.ActiveCfg = Release|x86
		{06F15A63-9EEC-4249-B7DC-F5F471BB0616}.Release|Mixed Platforms.ActiveCfg = Release|x86
		{06F15A63-9EEC-4249-B7DC-F5F471BB0616}.Release|Mixed Platforms.Build.0 = Release|x86
		{06F15A63-9EEC-4249-B7DC-F5F471BB0616}.Release|x86.ActiveCfg = Release|x86
		{06F15A63-9EEC-4249-B7DC-F5F471BB0616}.Release|x86.Build.0 = Release|x86
		{E9E88955-C1CC-4307-874F-4E239819D54D}.Debug|Any CPU.ActiveCfg = Debug|x86
		{E9E88955-C1CC-4307-874F-4E239819D54D}.Debug|Mixed Platforms.ActiveCfg = Debug|x86
		{E9E88955-C1CC-4307-874F-4E239819D54D}.Debug|Mixed Platforms.Build.0 = Debug|x86
		{E9E88955-C1CC-4307-874F-4E239819D54D}.Debug|x86.ActiveCfg = Debug|x86
		{E9E88955-C1CC-4307-874F-4E239819D54D}.Debug|x86.Build.0 = Debug|x86
		{E9E88955-C1CC-4307-874F-4E239819D54D}.Release|Any CPU.ActiveCfg = Release|x86
		{E9E88955-C1CC-4307-874F-4E239819D54D}.Release|Mixed Platforms.ActiveCfg = Release|x86
		{E9E88955-C1CC-4307-874F-4E239819D54D}.Release|Mixed Platforms.Build.0 = Release|x86
		{E9E88955-C1CC-4307-874F-4E239819D54D}.Release|x86.ActiveCfg = Release|x86
		{E9E88955-C1CC-4307-874F-4E239819D54D}.Release|x86.Build.0 = Release|x86
		{7C1AB472-CE68-49F0-B61B-4766F0DC511B}.Debug|Any CPU.ActiveCfg = Debug|x86
		{7C1AB472-CE68-49F0-B61B-4766F0DC511B}.Debug|Mixed Platforms.ActiveCfg = Debug|x86
		{7C1AB472-CE68-49F0-B61B-4766F0DC511B}.Debug|Mixed Platforms.Build.0 = Debug|x86
		{7C1AB472-CE68-49F0-B61B-4766F0DC511B}.Debug|x86.ActiveCfg = Debug|x86
		{7C1AB472-CE68-49F0-B61B-4766F0DC511B}.Debug|x86.Build.0 = Debug|x86
		{7C1AB472-CE68-49F0-B61B-4766F0DC511B}.Release|Any CPU.ActiveCfg = Release|x86
		{7C1AB472-CE68-49F0-B61B-4766F0DC511B}.Release|Mixed Platforms.ActiveCfg = Release|x86
		{7C1AB472-CE68-49F0-B61B-4766F0DC511B}.Release|Mixed Platforms.Build.0 = Release|x86
		{7C1AB472-CE68-49F0-B61B-4766F0DC511B}.Release|x86.ActiveCfg = Release|x86
		{7C1AB472-CE68-49F0-B61B-4766F0DC511B}.Release|x86.Build.0 = Release|x86
	EndGlobalSection
	GlobalSection(SolutionProperties) = preSolution
		HideSolutionNode = FALSE
	EndGlobalSection
EndGlobal
